// !$*UTF8*$!
{
	archiveVersion = 1;
	classes = {
	};
	objectVersion = 77;
	objects = {

/* Begin PBXBuildFile section */
		039411B5C56C0D201C315282 /* ERClient.swift in Sources */ = {isa = PBXBuildFile; fileRef = 5138EC468DB58D727CE158D8 /* ERClient.swift */; };
		0733CCC8D3BB521BF9359716 /* Keychain.swift in Sources */ = {isa = PBXBuildFile; fileRef = C8991DA3BD25129264587BC7 /* Keychain.swift */; };
		0813468C3E10C389E07CAFF0 /* Config.swift in Sources */ = {isa = PBXBuildFile; fileRef = F873556BF7C278BD30F1A68F /* Config.swift */; };
		1636AB28330C7134950ED056 /* Decoding.swift in Sources */ = {isa = PBXBuildFile; fileRef = B85C3D80731BBCB76899A69D /* Decoding.swift */; };
		1A22E507584C7651962696E6 /* NaClBox.swift in Sources */ = {isa = PBXBuildFile; fileRef = 349B8482789F4DA1A8DB47AC /* NaClBox.swift */; };
		215F6AF919A4D6A9F1E81DFF /* ConversationView.swift in Sources */ = {isa = PBXBuildFile; fileRef = 2F961821373441611829F21A /* ConversationView.swift */; };
		268876531F10D5E557ED996B /* CommentsSheet.swift in Sources */ = {isa = PBXBuildFile; fileRef = 40FD2B62867153C415309B25 /* CommentsSheet.swift */; };
		2732CFA6A4D223CAF2C2BCF6 /* FeedView.swift in Sources */ = {isa = PBXBuildFile; fileRef = 48C6A72759E18E5B29928193 /* FeedView.swift */; };
		33D348283C32B990DCEA6F70 /* ActivityView.swift in Sources */ = {isa = PBXBuildFile; fileRef = 2BF18C41C8AF4264D9D5D209 /* ActivityView.swift */; };
		360CEF865AAD5254C9C62381 /* HubStory.swift in Sources */ = {isa = PBXBuildFile; fileRef = 9A587FA9932FEA98A7C746DE /* HubStory.swift */; };
		39ECF5798BEC935E4D799C97 /* InteractionReads.swift in Sources */ = {isa = PBXBuildFile; fileRef = E31CE2078128FB4E7987FF55 /* InteractionReads.swift */; };
		3A13ECB8FF958330E38AFADD /* StoryViewersSheet.swift in Sources */ = {isa = PBXBuildFile; fileRef = 96DB0BC39DDB308F616917A2 /* StoryViewersSheet.swift */; };
		3CBB1D737F7C77881134351C /* SettingsView.swift in Sources */ = {isa = PBXBuildFile; fileRef = 5762092836E62153CF535193 /* SettingsView.swift */; };
		3CC8A49FF07F7ACDB4D5CC17 /* ProfileView.swift in Sources */ = {isa = PBXBuildFile; fileRef = 0A11EDA9969ED7F1C447D2B5 /* ProfileView.swift */; };
		419BA4AFDD692CB15FC8553B /* DMKey.swift in Sources */ = {isa = PBXBuildFile; fileRef = 433680C1FDBA175C1B44007D /* DMKey.swift */; };
		42087F64CCAF228B71C72D37 /* BIP39.swift in Sources */ = {isa = PBXBuildFile; fileRef = 39C67176067AD0A7119FB854 /* BIP39.swift */; };
		45AABE6EC1225DA1EA61AFFA /* HubUser.swift in Sources */ = {isa = PBXBuildFile; fileRef = 33C8C449589D7E5DAD3E7395 /* HubUser.swift */; };
		4B54DD60985183A70EDE5EFA /* Assets.xcassets in Resources */ = {isa = PBXBuildFile; fileRef = 5D23AB15529AF90AE90CA10B /* Assets.xcassets */; };
		51FB05FF22FE26D93F6F78E5 /* StoriesBar.swift in Sources */ = {isa = PBXBuildFile; fileRef = 01BB8D54A58E9D7D32E5030E /* StoriesBar.swift */; };
		5BB510AFD12BCF730494785F /* AppKey.swift in Sources */ = {isa = PBXBuildFile; fileRef = 91614C9851F38B640268C473 /* AppKey.swift */; };
		5D16B838289EBA0B84563CB9 /* ImportIdentityView.swift in Sources */ = {isa = PBXBuildFile; fileRef = 7BC4ADBAE8BADDA3297678FC /* ImportIdentityView.swift */; };
		5D4DA61F347C9E7058BABEE7 /* ConnectFlow.swift in Sources */ = {isa = PBXBuildFile; fileRef = 770AC8912C3EABFB22CA7788 /* ConnectFlow.swift */; };
		6532D713B99F89900DA11804 /* SearchView.swift in Sources */ = {isa = PBXBuildFile; fileRef = CB730953EADBADA4D3DA29EB /* SearchView.swift */; };
		65938C69F08655DF99C7F4A0 /* CreatePostView.swift in Sources */ = {isa = PBXBuildFile; fileRef = 37F1DAB1F2BA669A5A40B402 /* CreatePostView.swift */; };
		7E2B916BB3DE4259782C4549 /* Models.swift in Sources */ = {isa = PBXBuildFile; fileRef = DEB8015AC387871EE32BAAF3 /* Models.swift */; };
		8096ED1EE93EC518954E966E /* StoryViewer.swift in Sources */ = {isa = PBXBuildFile; fileRef = 2A23AA6166BA75C4602DC265 /* StoryViewer.swift */; };
		864396FB49EA277D6400BE3D /* SeedPhraseConnectView.swift in Sources */ = {isa = PBXBuildFile; fileRef = EDB4140ADA741CB9710C5AA4 /* SeedPhraseConnectView.swift */; };
		8A0AD0595E2F7350E96D25FF /* PostCardView.swift in Sources */ = {isa = PBXBuildFile; fileRef = DE07FBDAF932C8EC5EC80125 /* PostCardView.swift */; };
		966A36E1ED72C0CB5B56D214 /* InboxView.swift in Sources */ = {isa = PBXBuildFile; fileRef = 850381B68D63406C2AAF19A1 /* InboxView.swift */; };
		96FC8170AA83A1ECE22DA6EF /* Endpoints.swift in Sources */ = {isa = PBXBuildFile; fileRef = 366E13BF5ABBADAB8DD0D734 /* Endpoints.swift */; };
		9A796E6986461AD098A8AA01 /* ContentView.swift in Sources */ = {isa = PBXBuildFile; fileRef = 1A771F656A1073AF6D68CCC4 /* ContentView.swift */; };
		9DC6C57C1CAB556808E094EA /* CreateAppKeyView.swift in Sources */ = {isa = PBXBuildFile; fileRef = AFBF03F77D570DA94B027FDF /* CreateAppKeyView.swift */; };
		A3C229F11C44D9D1728E7E97 /* DM.swift in Sources */ = {isa = PBXBuildFile; fileRef = 85CE8B6E0FA48A1C0F73D75E /* DM.swift */; };
		AA9064A5BD445A1BA4B5A077 /* Channel.swift in Sources */ = {isa = PBXBuildFile; fileRef = A1CB66D4019F4131F69FD8D5 /* Channel.swift */; };
		AB2819B95C03E02595CB1BAF /* RemoteImage.swift in Sources */ = {isa = PBXBuildFile; fileRef = ABB26542888FBA6F11C8DA89 /* RemoteImage.swift */; };
		B24289EFDCA921F1B5876743 /* Tweet.swift in Sources */ = {isa = PBXBuildFile; fileRef = 5CC39B2DE02155DAFAF439AC /* Tweet.swift */; };
		B6F2FAD59140BB68B1972A6C /* QRLoginView.swift in Sources */ = {isa = PBXBuildFile; fileRef = 6C35FE01B6A3085479DE5957 /* QRLoginView.swift */; };
		B7906C6D0870B559FA0C3E40 /* MockData.swift in Sources */ = {isa = PBXBuildFile; fileRef = AEC57F82D41E29AFF80E8BE1 /* MockData.swift */; };
		B8F7256B91977524874A3D1C /* InteractionCache.swift in Sources */ = {isa = PBXBuildFile; fileRef = 19EB8D84E2D97EE898BDDA85 /* InteractionCache.swift */; };
		BCA02F8A70BE55833EB0F1F9 /* ReelsView.swift in Sources */ = {isa = PBXBuildFile; fileRef = F0B432D60EEE8563932D9E1F /* ReelsView.swift */; };
		C0289D1D4DB711FEA4CEC91C /* Publish.swift in Sources */ = {isa = PBXBuildFile; fileRef = C2DEE8C26A80C98AD2AD2DE6 /* Publish.swift */; };
		C3BA52075CA785ECF677793E /* AvatarView.swift in Sources */ = {isa = PBXBuildFile; fileRef = ACFAB5506BC9F74ABE67C06F /* AvatarView.swift */; };
		CB6323898E7E0152E03D11AF /* BackupFile.swift in Sources */ = {isa = PBXBuildFile; fileRef = B156025342DFB447C415AD55 /* BackupFile.swift */; };
		CE854ADDF2FFAC95DAB88BAA /* Notification.swift in Sources */ = {isa = PBXBuildFile; fileRef = 1DD0C90AC138518A4CB9D48A /* Notification.swift */; };
		DAE656F649563323175B5F14 /* MessageSigner.swift in Sources */ = {isa = PBXBuildFile; fileRef = B5BB8885336BB25A72208523 /* MessageSigner.swift */; };
		DE5E092EA86F5E02B4830063 /* tribe_instaApp.swift in Sources */ = {isa = PBXBuildFile; fileRef = 705F9EA1D7556BB8DFFFF72A /* tribe_instaApp.swift */; };
		E1FC3A2BED4F926CD7F1A1F5 /* SolanaHD.swift in Sources */ = {isa = PBXBuildFile; fileRef = A6AEDE4347AD5887336EAFA0 /* SolanaHD.swift */; };
		E5D2F1FD4E37080776F86134 /* RootView.swift in Sources */ = {isa = PBXBuildFile; fileRef = E124A34A6BC73A59311C6209 /* RootView.swift */; };
		E8A95050FBAB2C4B1D94C822 /* Theme.swift in Sources */ = {isa = PBXBuildFile; fileRef = 7A07A1015F363C4F1FFDFD47 /* Theme.swift */; };
		EB404370415968B53A5CA2D8 /* AppState.swift in Sources */ = {isa = PBXBuildFile; fileRef = 01ED941587CB7875CE1F31D4 /* AppState.swift */; };
		F259EE005A55164ADF716071 /* HubClient.swift in Sources */ = {isa = PBXBuildFile; fileRef = 3F6CDA2097CDB91D6A056D5E /* HubClient.swift */; };
		F95850A5D1F31CD25FC85F92 /* TribeService.swift in Sources */ = {isa = PBXBuildFile; fileRef = 0F46117E408E4432DC1701A8 /* TribeService.swift */; };
		FA5BB35945291B94B308A3AF /* Formatters.swift in Sources */ = {isa = PBXBuildFile; fileRef = 4C1B77F18FCED6D64D54729A /* Formatters.swift */; };
		FD989B8260B3545E717C9805 /* Blake3.swift in Sources */ = {isa = PBXBuildFile; fileRef = 711D4AE40462E6FD20E14705 /* Blake3.swift */; };
/* End PBXBuildFile section */

/* Begin PBXFileReference section */
		01BB8D54A58E9D7D32E5030E /* StoriesBar.swift */ = {isa = PBXFileReference; lastKnownFileType = sourcecode.swift; path = StoriesBar.swift; sourceTree = "<group>"; };
		01ED941587CB7875CE1F31D4 /* AppState.swift */ = {isa = PBXFileReference; lastKnownFileType = sourcecode.swift; path = AppState.swift; sourceTree = "<group>"; };
		0A11EDA9969ED7F1C447D2B5 /* ProfileView.swift */ = {isa = PBXFileReference; lastKnownFileType = sourcecode.swift; path = ProfileView.swift; sourceTree = "<group>"; };
		0F46117E408E4432DC1701A8 /* TribeService.swift */ = {isa = PBXFileReference; lastKnownFileType = sourcecode.swift; path = TribeService.swift; sourceTree = "<group>"; };
		19EB8D84E2D97EE898BDDA85 /* InteractionCache.swift */ = {isa = PBXFileReference; lastKnownFileType = sourcecode.swift; path = InteractionCache.swift; sourceTree = "<group>"; };
		1A771F656A1073AF6D68CCC4 /* ContentView.swift */ = {isa = PBXFileReference; lastKnownFileType = sourcecode.swift; path = ContentView.swift; sourceTree = "<group>"; };
		1DD0C90AC138518A4CB9D48A /* Notification.swift */ = {isa = PBXFileReference; lastKnownFileType = sourcecode.swift; path = Notification.swift; sourceTree = "<group>"; };
		2A23AA6166BA75C4602DC265 /* StoryViewer.swift */ = {isa = PBXFileReference; lastKnownFileType = sourcecode.swift; path = StoryViewer.swift; sourceTree = "<group>"; };
		2BF18C41C8AF4264D9D5D209 /* ActivityView.swift */ = {isa = PBXFileReference; lastKnownFileType = sourcecode.swift; path = ActivityView.swift; sourceTree = "<group>"; };
		2F961821373441611829F21A /* ConversationView.swift */ = {isa = PBXFileReference; lastKnownFileType = sourcecode.swift; path = ConversationView.swift; sourceTree = "<group>"; };
		33C8C449589D7E5DAD3E7395 /* HubUser.swift */ = {isa = PBXFileReference; lastKnownFileType = sourcecode.swift; path = HubUser.swift; sourceTree = "<group>"; };
		349B8482789F4DA1A8DB47AC /* NaClBox.swift */ = {isa = PBXFileReference; lastKnownFileType = sourcecode.swift; path = NaClBox.swift; sourceTree = "<group>"; };
		366E13BF5ABBADAB8DD0D734 /* Endpoints.swift */ = {isa = PBXFileReference; lastKnownFileType = sourcecode.swift; path = Endpoints.swift; sourceTree = "<group>"; };
		37F1DAB1F2BA669A5A40B402 /* CreatePostView.swift */ = {isa = PBXFileReference; lastKnownFileType = sourcecode.swift; path = CreatePostView.swift; sourceTree = "<group>"; };
		39C67176067AD0A7119FB854 /* BIP39.swift */ = {isa = PBXFileReference; lastKnownFileType = sourcecode.swift; path = BIP39.swift; sourceTree = "<group>"; };
		3F6CDA2097CDB91D6A056D5E /* HubClient.swift */ = {isa = PBXFileReference; lastKnownFileType = sourcecode.swift; path = HubClient.swift; sourceTree = "<group>"; };
		40FD2B62867153C415309B25 /* CommentsSheet.swift */ = {isa = PBXFileReference; lastKnownFileType = sourcecode.swift; path = CommentsSheet.swift; sourceTree = "<group>"; };
		433680C1FDBA175C1B44007D /* DMKey.swift */ = {isa = PBXFileReference; lastKnownFileType = sourcecode.swift; path = DMKey.swift; sourceTree = "<group>"; };
		48C6A72759E18E5B29928193 /* FeedView.swift */ = {isa = PBXFileReference; lastKnownFileType = sourcecode.swift; path = FeedView.swift; sourceTree = "<group>"; };
		4C1B77F18FCED6D64D54729A /* Formatters.swift */ = {isa = PBXFileReference; lastKnownFileType = sourcecode.swift; path = Formatters.swift; sourceTree = "<group>"; };
		5138EC468DB58D727CE158D8 /* ERClient.swift */ = {isa = PBXFileReference; lastKnownFileType = sourcecode.swift; path = ERClient.swift; sourceTree = "<group>"; };
		5762092836E62153CF535193 /* SettingsView.swift */ = {isa = PBXFileReference; lastKnownFileType = sourcecode.swift; path = SettingsView.swift; sourceTree = "<group>"; };
		5CC39B2DE02155DAFAF439AC /* Tweet.swift */ = {isa = PBXFileReference; lastKnownFileType = sourcecode.swift; path = Tweet.swift; sourceTree = "<group>"; };
		5D23AB15529AF90AE90CA10B /* Assets.xcassets */ = {isa = PBXFileReference; lastKnownFileType = folder.assetcatalog; path = Assets.xcassets; sourceTree = "<group>"; };
		6C35FE01B6A3085479DE5957 /* QRLoginView.swift */ = {isa = PBXFileReference; lastKnownFileType = sourcecode.swift; path = QRLoginView.swift; sourceTree = "<group>"; };
		705F9EA1D7556BB8DFFFF72A /* tribe_instaApp.swift */ = {isa = PBXFileReference; lastKnownFileType = sourcecode.swift; path = tribe_instaApp.swift; sourceTree = "<group>"; };
		711D4AE40462E6FD20E14705 /* Blake3.swift */ = {isa = PBXFileReference; lastKnownFileType = sourcecode.swift; path = Blake3.swift; sourceTree = "<group>"; };
		770AC8912C3EABFB22CA7788 /* ConnectFlow.swift */ = {isa = PBXFileReference; lastKnownFileType = sourcecode.swift; path = ConnectFlow.swift; sourceTree = "<group>"; };
		7A07A1015F363C4F1FFDFD47 /* Theme.swift */ = {isa = PBXFileReference; lastKnownFileType = sourcecode.swift; path = Theme.swift; sourceTree = "<group>"; };
		7BC4ADBAE8BADDA3297678FC /* ImportIdentityView.swift */ = {isa = PBXFileReference; lastKnownFileType = sourcecode.swift; path = ImportIdentityView.swift; sourceTree = "<group>"; };
		850381B68D63406C2AAF19A1 /* InboxView.swift */ = {isa = PBXFileReference; lastKnownFileType = sourcecode.swift; path = InboxView.swift; sourceTree = "<group>"; };
		85CE8B6E0FA48A1C0F73D75E /* DM.swift */ = {isa = PBXFileReference; lastKnownFileType = sourcecode.swift; path = DM.swift; sourceTree = "<group>"; };
		91614C9851F38B640268C473 /* AppKey.swift */ = {isa = PBXFileReference; lastKnownFileType = sourcecode.swift; path = AppKey.swift; sourceTree = "<group>"; };
		96DB0BC39DDB308F616917A2 /* StoryViewersSheet.swift */ = {isa = PBXFileReference; lastKnownFileType = sourcecode.swift; path = StoryViewersSheet.swift; sourceTree = "<group>"; };
		9A587FA9932FEA98A7C746DE /* HubStory.swift */ = {isa = PBXFileReference; lastKnownFileType = sourcecode.swift; path = HubStory.swift; sourceTree = "<group>"; };
		A1CB66D4019F4131F69FD8D5 /* Channel.swift */ = {isa = PBXFileReference; lastKnownFileType = sourcecode.swift; path = Channel.swift; sourceTree = "<group>"; };
		A6AEDE4347AD5887336EAFA0 /* SolanaHD.swift */ = {isa = PBXFileReference; lastKnownFileType = sourcecode.swift; path = SolanaHD.swift; sourceTree = "<group>"; };
		ABB26542888FBA6F11C8DA89 /* RemoteImage.swift */ = {isa = PBXFileReference; lastKnownFileType = sourcecode.swift; path = RemoteImage.swift; sourceTree = "<group>"; };
		ACFAB5506BC9F74ABE67C06F /* AvatarView.swift */ = {isa = PBXFileReference; lastKnownFileType = sourcecode.swift; path = AvatarView.swift; sourceTree = "<group>"; };
		AEC57F82D41E29AFF80E8BE1 /* MockData.swift */ = {isa = PBXFileReference; lastKnownFileType = sourcecode.swift; path = MockData.swift; sourceTree = "<group>"; };
		AED3A331ACFBF79948CC5780 /* tribe-insta.app */ = {isa = PBXFileReference; explicitFileType = wrapper.application; includeInIndex = 0; path = "tribe-insta.app"; sourceTree = BUILT_PRODUCTS_DIR; };
		AFBF03F77D570DA94B027FDF /* CreateAppKeyView.swift */ = {isa = PBXFileReference; lastKnownFileType = sourcecode.swift; path = CreateAppKeyView.swift; sourceTree = "<group>"; };
		B156025342DFB447C415AD55 /* BackupFile.swift */ = {isa = PBXFileReference; lastKnownFileType = sourcecode.swift; path = BackupFile.swift; sourceTree = "<group>"; };
		B5BB8885336BB25A72208523 /* MessageSigner.swift */ = {isa = PBXFileReference; lastKnownFileType = sourcecode.swift; path = MessageSigner.swift; sourceTree = "<group>"; };
		B85C3D80731BBCB76899A69D /* Decoding.swift */ = {isa = PBXFileReference; lastKnownFileType = sourcecode.swift; path = Decoding.swift; sourceTree = "<group>"; };
		C2DEE8C26A80C98AD2AD2DE6 /* Publish.swift */ = {isa = PBXFileReference; lastKnownFileType = sourcecode.swift; path = Publish.swift; sourceTree = "<group>"; };
		C8991DA3BD25129264587BC7 /* Keychain.swift */ = {isa = PBXFileReference; lastKnownFileType = sourcecode.swift; path = Keychain.swift; sourceTree = "<group>"; };
		CB730953EADBADA4D3DA29EB /* SearchView.swift */ = {isa = PBXFileReference; lastKnownFileType = sourcecode.swift; path = SearchView.swift; sourceTree = "<group>"; };
		DE07FBDAF932C8EC5EC80125 /* PostCardView.swift */ = {isa = PBXFileReference; lastKnownFileType = sourcecode.swift; path = PostCardView.swift; sourceTree = "<group>"; };
		DEB8015AC387871EE32BAAF3 /* Models.swift */ = {isa = PBXFileReference; lastKnownFileType = sourcecode.swift; path = Models.swift; sourceTree = "<group>"; };
		E124A34A6BC73A59311C6209 /* RootView.swift */ = {isa = PBXFileReference; lastKnownFileType = sourcecode.swift; path = RootView.swift; sourceTree = "<group>"; };
		E31CE2078128FB4E7987FF55 /* InteractionReads.swift */ = {isa = PBXFileReference; lastKnownFileType = sourcecode.swift; path = InteractionReads.swift; sourceTree = "<group>"; };
		EDB4140ADA741CB9710C5AA4 /* SeedPhraseConnectView.swift */ = {isa = PBXFileReference; lastKnownFileType = sourcecode.swift; path = SeedPhraseConnectView.swift; sourceTree = "<group>"; };
		F0B432D60EEE8563932D9E1F /* ReelsView.swift */ = {isa = PBXFileReference; lastKnownFileType = sourcecode.swift; path = ReelsView.swift; sourceTree = "<group>"; };
		F873556BF7C278BD30F1A68F /* Config.swift */ = {isa = PBXFileReference; lastKnownFileType = sourcecode.swift; path = Config.swift; sourceTree = "<group>"; };
/* End PBXFileReference section */

/* Begin PBXGroup section */
		0FA118ED3240A4B92C865507 /* Services */ = {
			isa = PBXGroup;
			children = (
				0F46117E408E4432DC1701A8 /* TribeService.swift */,
			);
			path = Services;
			sourceTree = "<group>";
		};
		22180DDAF9F4B02712144F71 /* Profile */ = {
			isa = PBXGroup;
			children = (
				0A11EDA9969ED7F1C447D2B5 /* ProfileView.swift */,
			);
			path = Profile;
			sourceTree = "<group>";
		};
		2238992205FD7F2AC974AA3A /* State */ = {
			isa = PBXGroup;
			children = (
				01ED941587CB7875CE1F31D4 /* AppState.swift */,
				19EB8D84E2D97EE898BDDA85 /* InteractionCache.swift */,
			);
			path = State;
			sourceTree = "<group>";
		};
		2B095199975AB0F4EB8FCFFA /* Components */ = {
			isa = PBXGroup;
			children = (
				ACFAB5506BC9F74ABE67C06F /* AvatarView.swift */,
				4C1B77F18FCED6D64D54729A /* Formatters.swift */,
				ABB26542888FBA6F11C8DA89 /* RemoteImage.swift */,
			);
			path = Components;
			sourceTree = "<group>";
		};
		2BFA6C17346411E7EFAF2B42 /* tribe-insta */ = {
			isa = PBXGroup;
			children = (
				BDEB561CFBA7E89E2E8CFF72 /* Mock */,
				65BFD9E48A9C03E62F867485 /* Models */,
				ABD416F55A22678D3EC605A5 /* Theme */,
				E7BFF86D21DC21CC599AE245 /* Views */,
				5D23AB15529AF90AE90CA10B /* Assets.xcassets */,
				1A771F656A1073AF6D68CCC4 /* ContentView.swift */,
				705F9EA1D7556BB8DFFFF72A /* tribe_instaApp.swift */,
			);
			path = "tribe-insta";
			sourceTree = "<group>";
		};
		2EE8EB8D5967D1205B687CEF /* Sources */ = {
			isa = PBXGroup;
			children = (
				8E97C7E21F7B8F2ECFEBC058 /* API */,
				B9E8C84C265D2F7214524438 /* Crypto */,
				4F37A9D77AEA608B7732A77D /* Models */,
				0FA118ED3240A4B92C865507 /* Services */,
				2238992205FD7F2AC974AA3A /* State */,
				F873556BF7C278BD30F1A68F /* Config.swift */,
			);
			path = Sources;
			sourceTree = "<group>";
		};
		349F531049C38A4DE5AEAC3D /* Onboarding */ = {
			isa = PBXGroup;
			children = (
				770AC8912C3EABFB22CA7788 /* ConnectFlow.swift */,
				AFBF03F77D570DA94B027FDF /* CreateAppKeyView.swift */,
				7BC4ADBAE8BADDA3297678FC /* ImportIdentityView.swift */,
				6C35FE01B6A3085479DE5957 /* QRLoginView.swift */,
				EDB4140ADA741CB9710C5AA4 /* SeedPhraseConnectView.swift */,
			);
			path = Onboarding;
			sourceTree = "<group>";
		};
		3A70899EB0B91FA7EB83B005 /* Comments */ = {
			isa = PBXGroup;
			children = (
				40FD2B62867153C415309B25 /* CommentsSheet.swift */,
			);
			path = Comments;
			sourceTree = "<group>";
		};
		4F37A9D77AEA608B7732A77D /* Models */ = {
			isa = PBXGroup;
			children = (
				A1CB66D4019F4131F69FD8D5 /* Channel.swift */,
				B85C3D80731BBCB76899A69D /* Decoding.swift */,
				85CE8B6E0FA48A1C0F73D75E /* DM.swift */,
				9A587FA9932FEA98A7C746DE /* HubStory.swift */,
				33C8C449589D7E5DAD3E7395 /* HubUser.swift */,
				1DD0C90AC138518A4CB9D48A /* Notification.swift */,
				5CC39B2DE02155DAFAF439AC /* Tweet.swift */,
			);
			path = Models;
			sourceTree = "<group>";
		};
		4FF64B128169CA6AF317194C /* Products */ = {
			isa = PBXGroup;
			children = (
				AED3A331ACFBF79948CC5780 /* tribe-insta.app */,
			);
			name = Products;
			sourceTree = "<group>";
		};
		65BFD9E48A9C03E62F867485 /* Models */ = {
			isa = PBXGroup;
			children = (
				DEB8015AC387871EE32BAAF3 /* Models.swift */,
			);
			path = Models;
			sourceTree = "<group>";
		};
		66D98C417BA48D975E99C2FF /* Feed */ = {
			isa = PBXGroup;
			children = (
				48C6A72759E18E5B29928193 /* FeedView.swift */,
				DE07FBDAF932C8EC5EC80125 /* PostCardView.swift */,
				01BB8D54A58E9D7D32E5030E /* StoriesBar.swift */,
			);
			path = Feed;
			sourceTree = "<group>";
		};
		747702F31219E3D1E9EA25F2 /* Root */ = {
			isa = PBXGroup;
			children = (
				E124A34A6BC73A59311C6209 /* RootView.swift */,
			);
			path = Root;
			sourceTree = "<group>";
		};
		760FF3D5391A48DBA49A8E1C /* Reels */ = {
			isa = PBXGroup;
			children = (
				F0B432D60EEE8563932D9E1F /* ReelsView.swift */,
			);
			path = Reels;
			sourceTree = "<group>";
		};
		7A237CF39A02890625234B7D /* Stories */ = {
			isa = PBXGroup;
			children = (
				2A23AA6166BA75C4602DC265 /* StoryViewer.swift */,
				96DB0BC39DDB308F616917A2 /* StoryViewersSheet.swift */,
			);
			path = Stories;
			sourceTree = "<group>";
		};
		8A09D0E39C09581703F5FF69 /* Search */ = {
			isa = PBXGroup;
			children = (
				CB730953EADBADA4D3DA29EB /* SearchView.swift */,
			);
			path = Search;
			sourceTree = "<group>";
		};
		8E97C7E21F7B8F2ECFEBC058 /* API */ = {
			isa = PBXGroup;
			children = (
				366E13BF5ABBADAB8DD0D734 /* Endpoints.swift */,
				5138EC468DB58D727CE158D8 /* ERClient.swift */,
				3F6CDA2097CDB91D6A056D5E /* HubClient.swift */,
				E31CE2078128FB4E7987FF55 /* InteractionReads.swift */,
				C2DEE8C26A80C98AD2AD2DE6 /* Publish.swift */,
			);
			path = API;
			sourceTree = "<group>";
		};
		ABD416F55A22678D3EC605A5 /* Theme */ = {
			isa = PBXGroup;
			children = (
				7A07A1015F363C4F1FFDFD47 /* Theme.swift */,
			);
			path = Theme;
			sourceTree = "<group>";
		};
		B3711F72C8DCB879F25A913D /* Create */ = {
			isa = PBXGroup;
			children = (
				37F1DAB1F2BA669A5A40B402 /* CreatePostView.swift */,
			);
			path = Create;
			sourceTree = "<group>";
		};
		B9E8C84C265D2F7214524438 /* Crypto */ = {
			isa = PBXGroup;
			children = (
				91614C9851F38B640268C473 /* AppKey.swift */,
				B156025342DFB447C415AD55 /* BackupFile.swift */,
				39C67176067AD0A7119FB854 /* BIP39.swift */,
				711D4AE40462E6FD20E14705 /* Blake3.swift */,
				433680C1FDBA175C1B44007D /* DMKey.swift */,
				C8991DA3BD25129264587BC7 /* Keychain.swift */,
				B5BB8885336BB25A72208523 /* MessageSigner.swift */,
				349B8482789F4DA1A8DB47AC /* NaClBox.swift */,
				A6AEDE4347AD5887336EAFA0 /* SolanaHD.swift */,
			);
			path = Crypto;
			sourceTree = "<group>";
		};
		BDEB561CFBA7E89E2E8CFF72 /* Mock */ = {
			isa = PBXGroup;
			children = (
				AEC57F82D41E29AFF80E8BE1 /* MockData.swift */,
			);
			path = Mock;
			sourceTree = "<group>";
		};
		C579C19CEB43874077C452E7 = {
			isa = PBXGroup;
			children = (
				2EE8EB8D5967D1205B687CEF /* Sources */,
				2BFA6C17346411E7EFAF2B42 /* tribe-insta */,
				4FF64B128169CA6AF317194C /* Products */,
			);
			sourceTree = "<group>";
		};
		D55CD5D7452D974D0208846D /* Settings */ = {
			isa = PBXGroup;
			children = (
				5762092836E62153CF535193 /* SettingsView.swift */,
			);
			path = Settings;
			sourceTree = "<group>";
		};
		DA25ABE9ADDE811AEDFD6C39 /* Activity */ = {
			isa = PBXGroup;
			children = (
				2BF18C41C8AF4264D9D5D209 /* ActivityView.swift */,
			);
			path = Activity;
			sourceTree = "<group>";
		};
		E7BFF86D21DC21CC599AE245 /* Views */ = {
			isa = PBXGroup;
			children = (
				DA25ABE9ADDE811AEDFD6C39 /* Activity */,
				3A70899EB0B91FA7EB83B005 /* Comments */,
				2B095199975AB0F4EB8FCFFA /* Components */,
				B3711F72C8DCB879F25A913D /* Create */,
				66D98C417BA48D975E99C2FF /* Feed */,
				EA61D8C72231399A967CFA11 /* Inbox */,
				349F531049C38A4DE5AEAC3D /* Onboarding */,
				22180DDAF9F4B02712144F71 /* Profile */,
				760FF3D5391A48DBA49A8E1C /* Reels */,
				747702F31219E3D1E9EA25F2 /* Root */,
				8A09D0E39C09581703F5FF69 /* Search */,
				D55CD5D7452D974D0208846D /* Settings */,
				7A237CF39A02890625234B7D /* Stories */,
			);
			path = Views;
			sourceTree = "<group>";
		};
		EA61D8C72231399A967CFA11 /* Inbox */ = {
			isa = PBXGroup;
			children = (
				2F961821373441611829F21A /* ConversationView.swift */,
				850381B68D63406C2AAF19A1 /* InboxView.swift */,
			);
			path = Inbox;
			sourceTree = "<group>";
		};
/* End PBXGroup section */

/* Begin PBXNativeTarget section */
		DBBFFA94EFD2FDDF103EACCF /* tribe-insta */ = {
			isa = PBXNativeTarget;
			buildConfigurationList = BD1694718F2415AC6CE3032C /* Build configuration list for PBXNativeTarget "tribe-insta" */;
			buildPhases = (
				FA9C523D6F579F245D938E52 /* Sources */,
				A2661BF73D8BD11830E43B72 /* Resources */,
			);
			buildRules = (
			);
			dependencies = (
			);
			name = "tribe-insta";
			packageProductDependencies = (
			);
			productName = "tribe-insta";
			productReference = AED3A331ACFBF79948CC5780 /* tribe-insta.app */;
			productType = "com.apple.product-type.application";
		};
/* End PBXNativeTarget section */

/* Begin PBXProject section */
		4B94F9E8870134AF8D035164 /* Project object */ = {
			isa = PBXProject;
			attributes = {
				BuildIndependentTargetsInParallel = YES;
				LastUpgradeCheck = 1430;
				TargetAttributes = {
					DBBFFA94EFD2FDDF103EACCF = {
						ProvisioningStyle = Automatic;
					};
				};
			};
			buildConfigurationList = 287EBD0184CEDE3C07CF8317 /* Build configuration list for PBXProject "tribe-insta" */;
			developmentRegion = en;
			hasScannedForEncodings = 0;
			knownRegions = (
				Base,
				en,
			);
			mainGroup = C579C19CEB43874077C452E7;
			minimizedProjectReferenceProxies = 1;
			preferredProjectObjectVersion = 77;
			productRefGroup = 4FF64B128169CA6AF317194C /* Products */;
			projectDirPath = "";
			projectRoot = "";
			targets = (
				DBBFFA94EFD2FDDF103EACCF /* tribe-insta */,
			);
		};
/* End PBXProject section */

/* Begin PBXResourcesBuildPhase section */
		A2661BF73D8BD11830E43B72 /* Resources */ = {
			isa = PBXResourcesBuildPhase;
			buildActionMask = 2147483647;
			files = (
				4B54DD60985183A70EDE5EFA /* Assets.xcassets in Resources */,
			);
			runOnlyForDeploymentPostprocessing = 0;
		};
/* End PBXResourcesBuildPhase section */

/* Begin PBXSourcesBuildPhase section */
		FA9C523D6F579F245D938E52 /* Sources */ = {
			isa = PBXSourcesBuildPhase;
			buildActionMask = 2147483647;
			files = (
				33D348283C32B990DCEA6F70 /* ActivityView.swift in Sources */,
				5BB510AFD12BCF730494785F /* AppKey.swift in Sources */,
				EB404370415968B53A5CA2D8 /* AppState.swift in Sources */,
				C3BA52075CA785ECF677793E /* AvatarView.swift in Sources */,
				42087F64CCAF228B71C72D37 /* BIP39.swift in Sources */,
				CB6323898E7E0152E03D11AF /* BackupFile.swift in Sources */,
				FD989B8260B3545E717C9805 /* Blake3.swift in Sources */,
				AA9064A5BD445A1BA4B5A077 /* Channel.swift in Sources */,
				268876531F10D5E557ED996B /* CommentsSheet.swift in Sources */,
				0813468C3E10C389E07CAFF0 /* Config.swift in Sources */,
				5D4DA61F347C9E7058BABEE7 /* ConnectFlow.swift in Sources */,
				9A796E6986461AD098A8AA01 /* ContentView.swift in Sources */,
				215F6AF919A4D6A9F1E81DFF /* ConversationView.swift in Sources */,
				9DC6C57C1CAB556808E094EA /* CreateAppKeyView.swift in Sources */,
				65938C69F08655DF99C7F4A0 /* CreatePostView.swift in Sources */,
				A3C229F11C44D9D1728E7E97 /* DM.swift in Sources */,
				419BA4AFDD692CB15FC8553B /* DMKey.swift in Sources */,
				1636AB28330C7134950ED056 /* Decoding.swift in Sources */,
				039411B5C56C0D201C315282 /* ERClient.swift in Sources */,
				96FC8170AA83A1ECE22DA6EF /* Endpoints.swift in Sources */,
				2732CFA6A4D223CAF2C2BCF6 /* FeedView.swift in Sources */,
				FA5BB35945291B94B308A3AF /* Formatters.swift in Sources */,
				F259EE005A55164ADF716071 /* HubClient.swift in Sources */,
				360CEF865AAD5254C9C62381 /* HubStory.swift in Sources */,
				45AABE6EC1225DA1EA61AFFA /* HubUser.swift in Sources */,
				5D16B838289EBA0B84563CB9 /* ImportIdentityView.swift in Sources */,
				966A36E1ED72C0CB5B56D214 /* InboxView.swift in Sources */,
				B8F7256B91977524874A3D1C /* InteractionCache.swift in Sources */,
				39ECF5798BEC935E4D799C97 /* InteractionReads.swift in Sources */,
				0733CCC8D3BB521BF9359716 /* Keychain.swift in Sources */,
				DAE656F649563323175B5F14 /* MessageSigner.swift in Sources */,
				B7906C6D0870B559FA0C3E40 /* MockData.swift in Sources */,
				7E2B916BB3DE4259782C4549 /* Models.swift in Sources */,
				1A22E507584C7651962696E6 /* NaClBox.swift in Sources */,
				CE854ADDF2FFAC95DAB88BAA /* Notification.swift in Sources */,
				8A0AD0595E2F7350E96D25FF /* PostCardView.swift in Sources */,
				3CC8A49FF07F7ACDB4D5CC17 /* ProfileView.swift in Sources */,
				C0289D1D4DB711FEA4CEC91C /* Publish.swift in Sources */,
				B6F2FAD59140BB68B1972A6C /* QRLoginView.swift in Sources */,
				BCA02F8A70BE55833EB0F1F9 /* ReelsView.swift in Sources */,
				AB2819B95C03E02595CB1BAF /* RemoteImage.swift in Sources */,
				E5D2F1FD4E37080776F86134 /* RootView.swift in Sources */,
				6532D713B99F89900DA11804 /* SearchView.swift in Sources */,
				864396FB49EA277D6400BE3D /* SeedPhraseConnectView.swift in Sources */,
				3CBB1D737F7C77881134351C /* SettingsView.swift in Sources */,
				E1FC3A2BED4F926CD7F1A1F5 /* SolanaHD.swift in Sources */,
				51FB05FF22FE26D93F6F78E5 /* StoriesBar.swift in Sources */,
				8096ED1EE93EC518954E966E /* StoryViewer.swift in Sources */,
				3A13ECB8FF958330E38AFADD /* StoryViewersSheet.swift in Sources */,
				E8A95050FBAB2C4B1D94C822 /* Theme.swift in Sources */,
				F95850A5D1F31CD25FC85F92 /* TribeService.swift in Sources */,
				B24289EFDCA921F1B5876743 /* Tweet.swift in Sources */,
				DE5E092EA86F5E02B4830063 /* tribe_instaApp.swift in Sources */,
			);
			runOnlyForDeploymentPostprocessing = 0;
		};
/* End PBXSourcesBuildPhase section */

/* Begin XCBuildConfiguration section */
		63B0E861438F11B05B16C801 /* Release */ = {
			isa = XCBuildConfiguration;
			buildSettings = {
				ALWAYS_SEARCH_USER_PATHS = NO;
				CLANG_ANALYZER_NONNULL = YES;
				CLANG_ANALYZER_NUMBER_OBJECT_CONVERSION = YES_AGGRESSIVE;
				CLANG_CXX_LANGUAGE_STANDARD = "gnu++14";
				CLANG_CXX_LIBRARY = "libc++";
				CLANG_ENABLE_MODULES = YES;
				CLANG_ENABLE_OBJC_ARC = YES;
				CLANG_ENABLE_OBJC_WEAK = YES;
				CLANG_WARN_BLOCK_CAPTURE_AUTORELEASING = YES;
				CLANG_WARN_BOOL_CONVERSION = YES;
				CLANG_WARN_COMMA = YES;
				CLANG_WARN_CONSTANT_CONVERSION = YES;
				CLANG_WARN_DEPRECATED_OBJC_IMPLEMENTATIONS = YES;
				CLANG_WARN_DIRECT_OBJC_ISA_USAGE = YES_ERROR;
				CLANG_WARN_DOCUMENTATION_COMMENTS = YES;
				CLANG_WARN_EMPTY_BODY = YES;
				CLANG_WARN_ENUM_CONVERSION = YES;
				CLANG_WARN_INFINITE_RECURSION = YES;
				CLANG_WARN_INT_CONVERSION = YES;
				CLANG_WARN_NON_LITERAL_NULL_CONVERSION = YES;
				CLANG_WARN_OBJC_IMPLICIT_RETAIN_SELF = YES;
				CLANG_WARN_OBJC_LITERAL_CONVERSION = YES;
				CLANG_WARN_OBJC_ROOT_CLASS = YES_ERROR;
				CLANG_WARN_QUOTED_INCLUDE_IN_FRAMEWORK_HEADER = YES;
				CLANG_WARN_RANGE_LOOP_ANALYSIS = YES;
				CLANG_WARN_STRICT_PROTOTYPES = YES;
				CLANG_WARN_SUSPICIOUS_MOVE = YES;
				CLANG_WARN_UNGUARDED_AVAILABILITY = YES_AGGRESSIVE;
				CLANG_WARN_UNREACHABLE_CODE = YES;
				CLANG_WARN__DUPLICATE_METHOD_MATCH = YES;
				COPY_PHASE_STRIP = NO;
				DEBUG_INFORMATION_FORMAT = "dwarf-with-dsym";
				ENABLE_NS_ASSERTIONS = NO;
				ENABLE_STRICT_OBJC_MSGSEND = YES;
				ENABLE_USER_SCRIPT_SANDBOXING = NO;
				GCC_C_LANGUAGE_STANDARD = gnu11;
				GCC_NO_COMMON_BLOCKS = YES;
				GCC_WARN_64_TO_32_BIT_CONVERSION = YES;
				GCC_WARN_ABOUT_RETURN_TYPE = YES_ERROR;
				GCC_WARN_UNDECLARED_SELECTOR = YES;
				GCC_WARN_UNINITIALIZED_AUTOS = YES_AGGRESSIVE;
				GCC_WARN_UNUSED_FUNCTION = YES;
				GCC_WARN_UNUSED_VARIABLE = YES;
				GENERATE_INFOPLIST_FILE = YES;
				IPHONEOS_DEPLOYMENT_TARGET = 26.4;
				MTL_ENABLE_DEBUG_INFO = NO;
				MTL_FAST_MATH = YES;
				PRODUCT_NAME = "$(TARGET_NAME)";
				SDKROOT = iphoneos;
				SWIFT_COMPILATION_MODE = wholemodule;
				SWIFT_OPTIMIZATION_LEVEL = "-O";
				SWIFT_VERSION = 5.0;
			};
			name = Release;
		};
		9E7795411DC127D27532EE16 /* Release */ = {
			isa = XCBuildConfiguration;
			buildSettings = {
				ASSETCATALOG_COMPILER_APPICON_NAME = AppIcon;
				ASSETCATALOG_COMPILER_GLOBAL_ACCENT_COLOR_NAME = AccentColor;
				CODE_SIGN_IDENTITY = "Apple Development";
				CODE_SIGN_STYLE = Automatic;
				CURRENT_PROJECT_VERSION = 1;
				DEVELOPMENT_TEAM = VA496FA427;
				ENABLE_PREVIEWS = YES;
				INFOPLIST_KEY_NSCameraUsageDescription = "Tribe uses the camera to scan a pairing QR from tribe-app on the desktop.";
				INFOPLIST_KEY_UILaunchScreen_Generation = YES;
				LD_RUNPATH_SEARCH_PATHS = (
					"$(inherited)",
					"@executable_path/Frameworks",
				);
				MARKETING_VERSION = 1.0;
				PRODUCT_BUNDLE_IDENTIFIER = "xyz.tribeprotocol.apps.tribe-insta";
				PRODUCT_NAME = "$(TARGET_NAME)";
				SDKROOT = iphoneos;
				SUPPORTED_PLATFORMS = "iphoneos iphonesimulator";
				SWIFT_EMIT_LOC_STRINGS = YES;
				TARGETED_DEVICE_FAMILY = "1,2";
			};
			name = Release;
		};
		C19C577CAF71FA573C631A90 /* Debug */ = {
			isa = XCBuildConfiguration;
			buildSettings = {
				ALWAYS_SEARCH_USER_PATHS = NO;
				CLANG_ANALYZER_NONNULL = YES;
				CLANG_ANALYZER_NUMBER_OBJECT_CONVERSION = YES_AGGRESSIVE;
				CLANG_CXX_LANGUAGE_STANDARD = "gnu++14";
				CLANG_CXX_LIBRARY = "libc++";
				CLANG_ENABLE_MODULES = YES;
				CLANG_ENABLE_OBJC_ARC = YES;
				CLANG_ENABLE_OBJC_WEAK = YES;
				CLANG_WARN_BLOCK_CAPTURE_AUTORELEASING = YES;
				CLANG_WARN_BOOL_CONVERSION = YES;
				CLANG_WARN_COMMA = YES;
				CLANG_WARN_CONSTANT_CONVERSION = YES;
				CLANG_WARN_DEPRECATED_OBJC_IMPLEMENTATIONS = YES;
				CLANG_WARN_DIRECT_OBJC_ISA_USAGE = YES_ERROR;
				CLANG_WARN_DOCUMENTATION_COMMENTS = YES;
				CLANG_WARN_EMPTY_BODY = YES;
				CLANG_WARN_ENUM_CONVERSION = YES;
				CLANG_WARN_INFINITE_RECURSION = YES;
				CLANG_WARN_INT_CONVERSION = YES;
				CLANG_WARN_NON_LITERAL_NULL_CONVERSION = YES;
				CLANG_WARN_OBJC_IMPLICIT_RETAIN_SELF = YES;
				CLANG_WARN_OBJC_LITERAL_CONVERSION = YES;
				CLANG_WARN_OBJC_ROOT_CLASS = YES_ERROR;
				CLANG_WARN_QUOTED_INCLUDE_IN_FRAMEWORK_HEADER = YES;
				CLANG_WARN_RANGE_LOOP_ANALYSIS = YES;
				CLANG_WARN_STRICT_PROTOTYPES = YES;
				CLANG_WARN_SUSPICIOUS_MOVE = YES;
				CLANG_WARN_UNGUARDED_AVAILABILITY = YES_AGGRESSIVE;
				CLANG_WARN_UNREACHABLE_CODE = YES;
				CLANG_WARN__DUPLICATE_METHOD_MATCH = YES;
				COPY_PHASE_STRIP = NO;
				DEBUG_INFORMATION_FORMAT = dwarf;
				ENABLE_STRICT_OBJC_MSGSEND = YES;
				ENABLE_TESTABILITY = YES;
				ENABLE_USER_SCRIPT_SANDBOXING = NO;
				GCC_C_LANGUAGE_STANDARD = gnu11;
				GCC_DYNAMIC_NO_PIC = NO;
				GCC_NO_COMMON_BLOCKS = YES;
				GCC_OPTIMIZATION_LEVEL = 0;
				GCC_PREPROCESSOR_DEFINITIONS = (
					"$(inherited)",
					"DEBUG=1",
				);
				GCC_WARN_64_TO_32_BIT_CONVERSION = YES;
				GCC_WARN_ABOUT_RETURN_TYPE = YES_ERROR;
				GCC_WARN_UNDECLARED_SELECTOR = YES;
				GCC_WARN_UNINITIALIZED_AUTOS = YES_AGGRESSIVE;
				GCC_WARN_UNUSED_FUNCTION = YES;
				GCC_WARN_UNUSED_VARIABLE = YES;
				GENERATE_INFOPLIST_FILE = YES;
				IPHONEOS_DEPLOYMENT_TARGET = 26.4;
				MTL_ENABLE_DEBUG_INFO = INCLUDE_SOURCE;
				MTL_FAST_MATH = YES;
				ONLY_ACTIVE_ARCH = YES;
				PRODUCT_NAME = "$(TARGET_NAME)";
				SDKROOT = iphoneos;
				SWIFT_ACTIVE_COMPILATION_CONDITIONS = DEBUG;
				SWIFT_OPTIMIZATION_LEVEL = "-Onone";
				SWIFT_VERSION = 5.0;
			};
			name = Debug;
		};
		FDCDA1CB9B24D9C1B9BBE4B8 /* Debug */ = {
			isa = XCBuildConfiguration;
			buildSettings = {
				ASSETCATALOG_COMPILER_APPICON_NAME = AppIcon;
				ASSETCATALOG_COMPILER_GLOBAL_ACCENT_COLOR_NAME = AccentColor;
				CODE_SIGN_IDENTITY = "Apple Development";
				CODE_SIGN_STYLE = Automatic;
				CURRENT_PROJECT_VERSION = 1;
				DEVELOPMENT_TEAM = VA496FA427;
				ENABLE_PREVIEWS = YES;
				INFOPLIST_KEY_NSCameraUsageDescription = "Tribe uses the camera to scan a pairing QR from tribe-app on the desktop.";
				INFOPLIST_KEY_UILaunchScreen_Generation = YES;
				LD_RUNPATH_SEARCH_PATHS = (
					"$(inherited)",
					"@executable_path/Frameworks",
				);
				MARKETING_VERSION = 1.0;
				PRODUCT_BUNDLE_IDENTIFIER = "xyz.tribeprotocol.apps.tribe-insta";
				PRODUCT_NAME = "$(TARGET_NAME)";
				SDKROOT = iphoneos;
				SUPPORTED_PLATFORMS = "iphoneos iphonesimulator";
				SWIFT_EMIT_LOC_STRINGS = YES;
				TARGETED_DEVICE_FAMILY = "1,2";
			};
			name = Debug;
		};
/* End XCBuildConfiguration section */

/* Begin XCConfigurationList section */
		287EBD0184CEDE3C07CF8317 /* Build configuration list for PBXProject "tribe-insta" */ = {
			isa = XCConfigurationList;
			buildConfigurations = (
				C19C577CAF71FA573C631A90 /* Debug */,
				63B0E861438F11B05B16C801 /* Release */,
			);
			defaultConfigurationIsVisible = 0;
			defaultConfigurationName = Debug;
		};
		BD1694718F2415AC6CE3032C /* Build configuration list for PBXNativeTarget "tribe-insta" */ = {
			isa = XCConfigurationList;
			buildConfigurations = (
				FDCDA1CB9B24D9C1B9BBE4B8 /* Debug */,
				9E7795411DC127D27532EE16 /* Release */,
			);
			defaultConfigurationIsVisible = 0;
			defaultConfigurationName = Debug;
		};
/* End XCConfigurationList section */
	};
	rootObject = 4B94F9E8870134AF8D035164 /* Project object */;
}
